
Microsoft Visual Studio Solution File, Format Version 12.00
# Visual Studio Version 17
VisualStudioVersion = 17.5.002.0
MinimumVisualStudioVersion = 10.0.40219.1
Project("{9A19103F-16F7-4668-BE54-9A1E7A4F7556}") = "src", "src.csproj", "{726A64F2-01DC-4D5D-82BB-7EEC10CF1D2B}"
EndProject
Project("{9A19103F-16F7-4668-BE54-9A1E7A4F7556}") = "WebApi", "WebApi\WebApi.csproj", "{BFF9D2CC-A10B-4108-9DAE-2DF4B9F0CC01}"
EndProject
Global
	GlobalSection(SolutionConfigurationPlatforms) = preSolution
		Debug|Any CPU = Debug|Any CPU
		Release|Any CPU = Release|Any CPU
	EndGlobalSection
	GlobalSection(ProjectConfigurationPlatforms) = postSolution
		{726A64F2-01DC-4D5D-82BB-7EEC10CF1D2B}.Debug|Any CPU.ActiveCfg = Debug|Any CPU
		{726A64F2-01DC-4D5D-82BB-7EEC10CF1D2B}.Debug|Any CPU.Build.0 = Debug|Any CPU
		{726A64F2-01DC-4D5D-82BB-7EEC10CF1D2B}.Release|Any CPU.ActiveCfg = Release|Any CPU
		{726A64F2-01DC-4D5D-82BB-7EEC10CF1D2B}.Release|Any CPU.Build.0 = Release|Any CPU
		{BFF9D2CC-A10B-4108-9DAE-2DF4B9F0CC01}.Debug|Any CPU.ActiveCfg = Debug|Any CPU
		{BFF9D2CC-A10B-4108-9DAE-2DF4B9F0CC01}.Debug|Any CPU.Build.0 = Debug|Any CPU
		{BFF9D2CC-A10B-4108-9DAE-2DF4B9F0CC01}.Release|Any CPU.ActiveCfg = Release|Any CPU
		{BFF9D2CC-A10B-4108-9DAE-2DF4B9F0CC01}.Release|Any CPU.Build.0 = Release|Any CPU
	EndGlobalSection
	GlobalSection(SolutionProperties) = preSolution
		HideSolutionNode = FALSE
	EndGlobalSection
	GlobalSection(ExtensibilityGlobals) = postSolution
		SolutionGuid = {A2436C5F-E868-4578-8223-33DEACC78833}
	EndGlobalSection
EndGlobal
